
Microsoft Visual Studio Solution File, Format Version 11.00
# Visual Studio 2010
Project("{FAE04EC0-301F-11D3-BF4B-00C04F79EFBC}") = "CloakedWookie.iOS", "src\CloakedWookie.iOS\CloakedWookie.iOS.csproj", "{041BD8CC-7B88-4861-867B-AC4136162859}"
EndProject
Global
	GlobalSection(SolutionConfigurationPlatforms) = preSolution
		Debug|iPhoneSimulator = Debug|iPhoneSimulator
		Release|iPhoneSimulator = Release|iPhoneSimulator
		Debug|iPhone = Debug|iPhone
		Release|iPhone = Release|iPhone
		Ad-Hoc|iPhone = Ad-Hoc|iPhone
		AppStore|iPhone = AppStore|iPhone
	EndGlobalSection
	GlobalSection(ProjectConfigurationPlatforms) = postSolution
		{041BD8CC-7B88-4861-867B-AC4136162859}.Ad-Hoc|iPhone.ActiveCfg = Ad-Hoc|iPhone
		{041BD8CC-7B88-4861-867B-AC4136162859}.Ad-Hoc|iPhone.Build.0 = Ad-Hoc|iPhone
		{041BD8CC-7B88-4861-867B-AC4136162859}.AppStore|iPhone.ActiveCfg = AppStore|iPhone
		{041BD8CC-7B88-4861-867B-AC4136162859}.AppStore|iPhone.Build.0 = AppStore|iPhone
		{041BD8CC-7B88-4861-867B-AC4136162859}.Debug|iPhone.ActiveCfg = Debug|iPhone
		{041BD8CC-7B88-4861-867B-AC4136162859}.Debug|iPhone.Build.0 = Debug|iPhone
		{041BD8CC-7B88-4861-867B-AC4136162859}.Debug|iPhoneSimulator.ActiveCfg = Debug|iPhoneSimulator
		{041BD8CC-7B88-4861-867B-AC4136162859}.Debug|iPhoneSimulator.Build.0 = Debug|iPhoneSimulator
		{041BD8CC-7B88-4861-867B-AC4136162859}.Release|iPhone.ActiveCfg = Release|iPhone
		{041BD8CC-7B88-4861-867B-AC4136162859}.Release|iPhone.Build.0 = Release|iPhone
		{041BD8CC-7B88-4861-867B-AC4136162859}.Release|iPhoneSimulator.ActiveCfg = Release|iPhoneSimulator
		{041BD8CC-7B88-4861-867B-AC4136162859}.Release|iPhoneSimulator.Build.0 = Release|iPhoneSimulator
	EndGlobalSection
	GlobalSection(MonoDevelopProperties) = preSolution
		StartupItem = src\CloakedWookie.iOS\CloakedWookie.iOS.csproj
	EndGlobalSection
EndGlobal
